
Microsoft Visual Studio Solution File, Format Version 12.00
# Visual Studio 14
VisualStudioVersion = 14.0.25420.1
MinimumVisualStudioVersion = 10.0.40219.1
Project("{F2A71F9B-5D33-465A-A702-920D77279786}") = "LagDaemon.OGE.FSOpenGL", "LagDaemon.OGE.FSOpenGL\LagDaemon.OGE.FSOpenGL.fsproj", "{FF819CA0-B5E6-4B10-AAAD-069A932E9EA1}"
EndProject
Project("{F2A71F9B-5D33-465A-A702-920D77279786}") = "LagDaemon.OGE.Loader", "LagDaemon.OGE.Loader\LagDaemon.OGE.Loader.fsproj", "{04F7488F-869E-4ADB-9D44-26A0E9F4D745}"
EndProject
Global
	GlobalSection(SolutionConfigurationPlatforms) = preSolution
		Debug|Any CPU = Debug|Any CPU
		Release|Any CPU = Release|Any CPU
	EndGlobalSection
	GlobalSection(ProjectConfigurationPlatforms) = postSolution
		{FF819CA0-B5E6-4B10-AAAD-069A932E9EA1}.Debug|Any CPU.ActiveCfg = Debug|Any CPU
		{FF819CA0-B5E6-4B10-AAAD-069A932E9EA1}.Debug|Any CPU.Build.0 = Debug|Any CPU
		{FF819CA0-B5E6-4B10-AAAD-069A932E9EA1}.Release|Any CPU.ActiveCfg = Release|Any CPU
		{FF819CA0-B5E6-4B10-AAAD-069A932E9EA1}.Release|Any CPU.Build.0 = Release|Any CPU
		{04F7488F-869E-4ADB-9D44-26A0E9F4D745}.Debug|Any CPU.ActiveCfg = Debug|Any CPU
		{04F7488F-869E-4ADB-9D44-26A0E9F4D745}.Debug|Any CPU.Build.0 = Debug|Any CPU
		{04F7488F-869E-4ADB-9D44-26A0E9F4D745}.Release|Any CPU.ActiveCfg = Release|Any CPU
		{04F7488F-869E-4ADB-9D44-26A0E9F4D745}.Release|Any CPU.Build.0 = Release|Any CPU
	EndGlobalSection
	GlobalSection(SolutionProperties) = preSolution
		HideSolutionNode = FALSE
	EndGlobalSection
EndGlobal
